
Microsoft Visual Studio Solution File, Format Version 12.00
# Visual Studio Version 17
VisualStudioVersion = 17.4.33205.214
MinimumVisualStudioVersion = 10.0.40219.1
Project("{FAE04EC0-301F-11D3-BF4B-00C04F79EFBC}") = "BashView", "BashView\BashView.csproj", "{66FEDB32-3251-497B-AB95-C454C7D13566}"
EndProject
Project("{FAE04EC0-301F-11D3-BF4B-00C04F79EFBC}") = "BashModel", "BashModel\BashModel.csproj", "{5CCFE3DA-8A7E-41FB-A9BB-61CB55E111C0}"
EndProject
Project("{FAE04EC0-301F-11D3-BF4B-00C04F79EFBC}") = "BashMeta", "BashMeta\BashMeta.csproj", "{DB90EF90-1126-40A7-96D9-C677BF6F73A2}"
EndProject
Project("{FAE04EC0-301F-11D3-BF4B-00C04F79EFBC}") = "BashModel.Test", "BashModel.Test\BashModel.Test.csproj", "{BFED0302-D4F7-4BFC-86F9-2987E8DB4274}"
EndProject
Global
	GlobalSection(SolutionConfigurationPlatforms) = preSolution
		Debug|Any CPU = Debug|Any CPU
		Release|Any CPU = Release|Any CPU
	EndGlobalSection
	GlobalSection(ProjectConfigurationPlatforms) = postSolution
		{66FEDB32-3251-497B-AB95-C454C7D13566}.Debug|Any CPU.ActiveCfg = Debug|Any CPU
		{66FEDB32-3251-497B-AB95-C454C7D13566}.Debug|Any CPU.Build.0 = Debug|Any CPU
		{66FEDB32-3251-497B-AB95-C454C7D13566}.Release|Any CPU.ActiveCfg = Release|Any CPU
		{66FEDB32-3251-497B-AB95-C454C7D13566}.Release|Any CPU.Build.0 = Release|Any CPU
		{5CCFE3DA-8A7E-41FB-A9BB-61CB55E111C0}.Debug|Any CPU.ActiveCfg = Debug|Any CPU
		{5CCFE3DA-8A7E-41FB-A9BB-61CB55E111C0}.Debug|Any CPU.Build.0 = Debug|Any CPU
		{5CCFE3DA-8A7E-41FB-A9BB-61CB55E111C0}.Release|Any CPU.ActiveCfg = Release|Any CPU
		{5CCFE3DA-8A7E-41FB-A9BB-61CB55E111C0}.Release|Any CPU.Build.0 = Release|Any CPU
		{DB90EF90-1126-40A7-96D9-C677BF6F73A2}.Debug|Any CPU.ActiveCfg = Debug|Any CPU
		{DB90EF90-1126-40A7-96D9-C677BF6F73A2}.Debug|Any CPU.Build.0 = Debug|Any CPU
		{DB90EF90-1126-40A7-96D9-C677BF6F73A2}.Release|Any CPU.ActiveCfg = Release|Any CPU
		{DB90EF90-1126-40A7-96D9-C677BF6F73A2}.Release|Any CPU.Build.0 = Release|Any CPU
		{BFED0302-D4F7-4BFC-86F9-2987E8DB4274}.Debug|Any CPU.ActiveCfg = Debug|Any CPU
		{BFED0302-D4F7-4BFC-86F9-2987E8DB4274}.Debug|Any CPU.Build.0 = Debug|Any CPU
		{BFED0302-D4F7-4BFC-86F9-2987E8DB4274}.Release|Any CPU.ActiveCfg = Release|Any CPU
		{BFED0302-D4F7-4BFC-86F9-2987E8DB4274}.Release|Any CPU.Build.0 = Release|Any CPU
	EndGlobalSection
	GlobalSection(SolutionProperties) = preSolution
		HideSolutionNode = FALSE
	EndGlobalSection
	GlobalSection(ExtensibilityGlobals) = postSolution
		SolutionGuid = {E07C1EA1-24B5-4DC5-88A7-F316E1BA392B}
	EndGlobalSection
EndGlobal
